// !$*UTF8*$!
{
	archiveVersion = 1;
	classes = {
	};
	objectVersion = 54;
	objects = {

/* Begin PBXBuildFile section */
		B1125FCF0250874AD390F525 /* Pods_StoneChallenge.framework in Frameworks */ = {isa = PBXBuildFile; fileRef = 790F63636DF74BBA5C9597D5 /* Pods_StoneChallenge.framework */; };
		C1D0693C2767DA8B00883CE8 /* AppDelegate.swift in Sources */ = {isa = PBXBuildFile; fileRef = C1D0693B2767DA8B00883CE8 /* AppDelegate.swift */; };
		C1D0693E2767DA8B00883CE8 /* SceneDelegate.swift in Sources */ = {isa = PBXBuildFile; fileRef = C1D0693D2767DA8B00883CE8 /* SceneDelegate.swift */; };
		C1D069452767DA8C00883CE8 /* Assets.xcassets in Resources */ = {isa = PBXBuildFile; fileRef = C1D069442767DA8C00883CE8 /* Assets.xcassets */; };
		C1D069482767DA8C00883CE8 /* LaunchScreen.storyboard in Resources */ = {isa = PBXBuildFile; fileRef = C1D069462767DA8C00883CE8 /* LaunchScreen.storyboard */; };
		C1D069552767DE6800883CE8 /* HomeViewController.swift in Sources */ = {isa = PBXBuildFile; fileRef = C1D069542767DE6800883CE8 /* HomeViewController.swift */; };
		F4FC8F99276BC387005D424D /* ViewCode.swift in Sources */ = {isa = PBXBuildFile; fileRef = F4FC8F98276BC387005D424D /* ViewCode.swift */; };
		F4FC8FA5276CE304005D424D /* CharactersHomeCells.swift in Sources */ = {isa = PBXBuildFile; fileRef = F4FC8FA4276CE304005D424D /* CharactersHomeCells.swift */; };
		F4FC8FA9276D3619005D424D /* HomeModel.swift in Sources */ = {isa = PBXBuildFile; fileRef = F4FC8FA8276D3619005D424D /* HomeModel.swift */; };
		F4FC8FCC276EA9C9005D424D /* Creepster-Regular.ttf in Resources */ = {isa = PBXBuildFile; fileRef = F4FC8FCB276EA9C9005D424D /* Creepster-Regular.ttf */; };
		F4FC8FD4276EB94A005D424D /* HomeView.swift in Sources */ = {isa = PBXBuildFile; fileRef = F4FC8FD3276EB94A005D424D /* HomeView.swift */; };
		F4FC8FD7276EC927005D424D /* GenericsViewController.swift in Sources */ = {isa = PBXBuildFile; fileRef = F4FC8FD6276EC927005D424D /* GenericsViewController.swift */; };
		F4FC8FDA276ECD52005D424D /* HomeViewModel.swift in Sources */ = {isa = PBXBuildFile; fileRef = F4FC8FD9276ECD52005D424D /* HomeViewModel.swift */; };
		F4FC8FDD276ED2A2005D424D /* fonteApp.ttf in Resources */ = {isa = PBXBuildFile; fileRef = F4FC8FDC276ED2A2005D424D /* fonteApp.ttf */; };
		F4FC8FE82770A303005D424D /* NetworkManager.swift in Sources */ = {isa = PBXBuildFile; fileRef = F4FC8FE72770A303005D424D /* NetworkManager.swift */; };
		F4FC8FFB2770E47E005D424D /* DetailsView.swift in Sources */ = {isa = PBXBuildFile; fileRef = F4FC8FF62770E47E005D424D /* DetailsView.swift */; };
		F4FC8FFC2770E47E005D424D /* DetailsCell.swift in Sources */ = {isa = PBXBuildFile; fileRef = F4FC8FF82770E47E005D424D /* DetailsCell.swift */; };
		F4FC8FFD2770E47E005D424D /* DetailsViewModel.swift in Sources */ = {isa = PBXBuildFile; fileRef = F4FC8FF92770E47E005D424D /* DetailsViewModel.swift */; };
		F4FC8FFE2770E47E005D424D /* DetailsViewController.swift in Sources */ = {isa = PBXBuildFile; fileRef = F4FC8FFA2770E47E005D424D /* DetailsViewController.swift */; };
/* End PBXBuildFile section */

/* Begin PBXFileReference section */
		790F63636DF74BBA5C9597D5 /* Pods_StoneChallenge.framework */ = {isa = PBXFileReference; explicitFileType = wrapper.framework; includeInIndex = 0; path = Pods_StoneChallenge.framework; sourceTree = BUILT_PRODUCTS_DIR; };
		9F35DFF10D9A2990A678779C /* Pods-StoneChallenge.debug.xcconfig */ = {isa = PBXFileReference; includeInIndex = 1; lastKnownFileType = text.xcconfig; name = "Pods-StoneChallenge.debug.xcconfig"; path = "Target Support Files/Pods-StoneChallenge/Pods-StoneChallenge.debug.xcconfig"; sourceTree = "<group>"; };
		C1D069382767DA8B00883CE8 /* StoneChallenge.app */ = {isa = PBXFileReference; explicitFileType = wrapper.application; includeInIndex = 0; path = StoneChallenge.app; sourceTree = BUILT_PRODUCTS_DIR; };
		C1D0693B2767DA8B00883CE8 /* AppDelegate.swift */ = {isa = PBXFileReference; lastKnownFileType = sourcecode.swift; path = AppDelegate.swift; sourceTree = "<group>"; };
		C1D0693D2767DA8B00883CE8 /* SceneDelegate.swift */ = {isa = PBXFileReference; lastKnownFileType = sourcecode.swift; path = SceneDelegate.swift; sourceTree = "<group>"; };
		C1D069442767DA8C00883CE8 /* Assets.xcassets */ = {isa = PBXFileReference; lastKnownFileType = folder.assetcatalog; path = Assets.xcassets; sourceTree = "<group>"; };
		C1D069472767DA8C00883CE8 /* Base */ = {isa = PBXFileReference; lastKnownFileType = file.storyboard; name = Base; path = Base.lproj/LaunchScreen.storyboard; sourceTree = "<group>"; };
		C1D069492767DA8C00883CE8 /* Info.plist */ = {isa = PBXFileReference; lastKnownFileType = text.plist.xml; path = Info.plist; sourceTree = "<group>"; };
		C1D069542767DE6800883CE8 /* HomeViewController.swift */ = {isa = PBXFileReference; lastKnownFileType = sourcecode.swift; path = HomeViewController.swift; sourceTree = "<group>"; };
		E958B6FAA51CDD4D71A99D57 /* Pods-StoneChallenge.release.xcconfig */ = {isa = PBXFileReference; includeInIndex = 1; lastKnownFileType = text.xcconfig; name = "Pods-StoneChallenge.release.xcconfig"; path = "Target Support Files/Pods-StoneChallenge/Pods-StoneChallenge.release.xcconfig"; sourceTree = "<group>"; };
		F4FC8F98276BC387005D424D /* ViewCode.swift */ = {isa = PBXFileReference; lastKnownFileType = sourcecode.swift; path = ViewCode.swift; sourceTree = "<group>"; };
		F4FC8FA4276CE304005D424D /* CharactersHomeCells.swift */ = {isa = PBXFileReference; lastKnownFileType = sourcecode.swift; path = CharactersHomeCells.swift; sourceTree = "<group>"; };
		F4FC8FA8276D3619005D424D /* HomeModel.swift */ = {isa = PBXFileReference; lastKnownFileType = sourcecode.swift; path = HomeModel.swift; sourceTree = "<group>"; };
		F4FC8FCB276EA9C9005D424D /* Creepster-Regular.ttf */ = {isa = PBXFileReference; lastKnownFileType = file; path = "Creepster-Regular.ttf"; sourceTree = "<group>"; };
		F4FC8FD3276EB94A005D424D /* HomeView.swift */ = {isa = PBXFileReference; lastKnownFileType = sourcecode.swift; path = HomeView.swift; sourceTree = "<group>"; };
		F4FC8FD6276EC927005D424D /* GenericsViewController.swift */ = {isa = PBXFileReference; lastKnownFileType = sourcecode.swift; path = GenericsViewController.swift; sourceTree = "<group>"; };
		F4FC8FD9276ECD52005D424D /* HomeViewModel.swift */ = {isa = PBXFileReference; lastKnownFileType = sourcecode.swift; path = HomeViewModel.swift; sourceTree = "<group>"; };
		F4FC8FDC276ED2A2005D424D /* fonteApp.ttf */ = {isa = PBXFileReference; lastKnownFileType = file; path = fonteApp.ttf; sourceTree = "<group>"; };
		F4FC8FE72770A303005D424D /* NetworkManager.swift */ = {isa = PBXFileReference; lastKnownFileType = sourcecode.swift; path = NetworkManager.swift; sourceTree = "<group>"; };
		F4FC8FF62770E47E005D424D /* DetailsView.swift */ = {isa = PBXFileReference; fileEncoding = 4; lastKnownFileType = sourcecode.swift; path = DetailsView.swift; sourceTree = "<group>"; };
		F4FC8FF82770E47E005D424D /* DetailsCell.swift */ = {isa = PBXFileReference; fileEncoding = 4; lastKnownFileType = sourcecode.swift; path = DetailsCell.swift; sourceTree = "<group>"; };
		F4FC8FF92770E47E005D424D /* DetailsViewModel.swift */ = {isa = PBXFileReference; fileEncoding = 4; lastKnownFileType = sourcecode.swift; path = DetailsViewModel.swift; sourceTree = "<group>"; };
		F4FC8FFA2770E47E005D424D /* DetailsViewController.swift */ = {isa = PBXFileReference; fileEncoding = 4; lastKnownFileType = sourcecode.swift; path = DetailsViewController.swift; sourceTree = "<group>"; };
/* End PBXFileReference section */

/* Begin PBXFrameworksBuildPhase section */
		C1D069352767DA8B00883CE8 /* Frameworks */ = {
			isa = PBXFrameworksBuildPhase;
			buildActionMask = 2147483647;
			files = (
				B1125FCF0250874AD390F525 /* Pods_StoneChallenge.framework in Frameworks */,
			);
			runOnlyForDeploymentPostprocessing = 0;
		};
/* End PBXFrameworksBuildPhase section */

/* Begin PBXGroup section */
		92AB4656D9C7986459CDDC22 /* Frameworks */ = {
			isa = PBXGroup;
			children = (
				790F63636DF74BBA5C9597D5 /* Pods_StoneChallenge.framework */,
			);
			name = Frameworks;
			sourceTree = "<group>";
		};
		C1D0692F2767DA8B00883CE8 = {
			isa = PBXGroup;
			children = (
				C1D0693A2767DA8B00883CE8 /* StoneChallenge */,
				C1D069392767DA8B00883CE8 /* Products */,
				E74BE4BAA7C7684B3D117392 /* Pods */,
				92AB4656D9C7986459CDDC22 /* Frameworks */,
			);
			sourceTree = "<group>";
		};
		C1D069392767DA8B00883CE8 /* Products */ = {
			isa = PBXGroup;
			children = (
				C1D069382767DA8B00883CE8 /* StoneChallenge.app */,
			);
			name = Products;
			sourceTree = "<group>";
		};
		C1D0693A2767DA8B00883CE8 /* StoneChallenge */ = {
			isa = PBXGroup;
			children = (
				F4FC8FB6276E9F88005D424D /* Fonts */,
				C1D069512767DBCE00883CE8 /* Sources */,
				C1D069502767DBBD00883CE8 /* Resources */,
			);
			path = StoneChallenge;
			sourceTree = "<group>";
		};
		C1D0694F2767DBAE00883CE8 /* Application */ = {
			isa = PBXGroup;
			children = (
				C1D069492767DA8C00883CE8 /* Info.plist */,
				C1D0693B2767DA8B00883CE8 /* AppDelegate.swift */,
				C1D0693D2767DA8B00883CE8 /* SceneDelegate.swift */,
			);
			path = Application;
			sourceTree = "<group>";
		};
		C1D069502767DBBD00883CE8 /* Resources */ = {
			isa = PBXGroup;
			children = (
				C1D069462767DA8C00883CE8 /* LaunchScreen.storyboard */,
				C1D069442767DA8C00883CE8 /* Assets.xcassets */,
			);
			path = Resources;
			sourceTree = "<group>";
		};
		C1D069512767DBCE00883CE8 /* Sources */ = {
			isa = PBXGroup;
			children = (
				C1D0694F2767DBAE00883CE8 /* Application */,
				F4FC8F9E276BD2FA005D424D /* Components */,
				F4FC8FD2276EB902005D424D /* Scenes */,
				F4FC8FE62770A2BF005D424D /* Service */,
				F4FC8F96276BC342005D424D /* Utils */,
			);
			path = Sources;
			sourceTree = "<group>";
		};
		C1D069532767DE4E00883CE8 /* Home */ = {
			isa = PBXGroup;
			children = (
				C1D069542767DE6800883CE8 /* HomeViewController.swift */,
				F4FC8FD9276ECD52005D424D /* HomeViewModel.swift */,
				F4FC8FD3276EB94A005D424D /* HomeView.swift */,
				F4FC8FA3276CE1C2005D424D /* Cells */,
				F4FC8FA7276D35E1005D424D /* Model */,
			);
			path = Home;
			sourceTree = "<group>";
		};
		E74BE4BAA7C7684B3D117392 /* Pods */ = {
			isa = PBXGroup;
			children = (
				9F35DFF10D9A2990A678779C /* Pods-StoneChallenge.debug.xcconfig */,
				E958B6FAA51CDD4D71A99D57 /* Pods-StoneChallenge.release.xcconfig */,
			);
			path = Pods;
			sourceTree = "<group>";
		};
		F4FC8F96276BC342005D424D /* Utils */ = {
			isa = PBXGroup;
			children = (
				F4FC8F97276BC366005D424D /* Protocols */,
			);
			path = Utils;
			sourceTree = "<group>";
		};
		F4FC8F97276BC366005D424D /* Protocols */ = {
			isa = PBXGroup;
			children = (
				F4FC8F98276BC387005D424D /* ViewCode.swift */,
			);
			path = Protocols;
			sourceTree = "<group>";
		};
		F4FC8F9E276BD2FA005D424D /* Components */ = {
			isa = PBXGroup;
			children = (
				F4FC8FD6276EC927005D424D /* GenericsViewController.swift */,
			);
			path = Components;
			sourceTree = "<group>";
		};
		F4FC8FA3276CE1C2005D424D /* Cells */ = {
			isa = PBXGroup;
			children = (
				F4FC8FA4276CE304005D424D /* CharactersHomeCells.swift */,
			);
			path = Cells;
			sourceTree = "<group>";
		};
		F4FC8FA7276D35E1005D424D /* Model */ = {
			isa = PBXGroup;
			children = (
				F4FC8FA8276D3619005D424D /* HomeModel.swift */,
			);
			path = Model;
			sourceTree = "<group>";
		};
		F4FC8FB6276E9F88005D424D /* Fonts */ = {
			isa = PBXGroup;
			children = (
				F4FC8FCB276EA9C9005D424D /* Creepster-Regular.ttf */,
				F4FC8FDC276ED2A2005D424D /* fonteApp.ttf */,
			);
			path = Fonts;
			sourceTree = "<group>";
		};
		F4FC8FD2276EB902005D424D /* Scenes */ = {
			isa = PBXGroup;
			children = (
				F4FC8FF52770E47E005D424D /* Details */,
				C1D069532767DE4E00883CE8 /* Home */,
			);
			path = Scenes;
			sourceTree = "<group>";
		};
		F4FC8FE62770A2BF005D424D /* Service */ = {
			isa = PBXGroup;
			children = (
				F4FC8FE72770A303005D424D /* NetworkManager.swift */,
			);
			path = Service;
			sourceTree = "<group>";
		};
		F4FC8FF52770E47E005D424D /* Details */ = {
			isa = PBXGroup;
			children = (
				F4FC8FF62770E47E005D424D /* DetailsView.swift */,
				F4FC8FF72770E47E005D424D /* Cell */,
				F4FC8FF92770E47E005D424D /* DetailsViewModel.swift */,
				F4FC8FFA2770E47E005D424D /* DetailsViewController.swift */,
			);
			path = Details;
			sourceTree = "<group>";
		};
		F4FC8FF72770E47E005D424D /* Cell */ = {
			isa = PBXGroup;
			children = (
				F4FC8FF82770E47E005D424D /* DetailsCell.swift */,
			);
			path = Cell;
			sourceTree = "<group>";
		};
/* End PBXGroup section */

/* Begin PBXNativeTarget section */
		C1D069372767DA8B00883CE8 /* StoneChallenge */ = {
			isa = PBXNativeTarget;
			buildConfigurationList = C1D0694C2767DA8C00883CE8 /* Build configuration list for PBXNativeTarget "StoneChallenge" */;
			buildPhases = (
				A96D45583775CB5DB114A260 /* [CP] Check Pods Manifest.lock */,
				C1D069342767DA8B00883CE8 /* Sources */,
				C1D069352767DA8B00883CE8 /* Frameworks */,
				C1D069362767DA8B00883CE8 /* Resources */,
				932ED09E4598A2151EB1B1EF /* [CP] Embed Pods Frameworks */,
			);
			buildRules = (
			);
			dependencies = (
			);
			name = StoneChallenge;
			productName = Bootcamp;
			productReference = C1D069382767DA8B00883CE8 /* StoneChallenge.app */;
			productType = "com.apple.product-type.application";
		};
/* End PBXNativeTarget section */

/* Begin PBXProject section */
		C1D069302767DA8B00883CE8 /* Project object */ = {
			isa = PBXProject;
			attributes = {
				LastSwiftUpdateCheck = 1300;
				LastUpgradeCheck = 1300;
				TargetAttributes = {
					C1D069372767DA8B00883CE8 = {
						CreatedOnToolsVersion = 13.0;
					};
				};
			};
			buildConfigurationList = C1D069332767DA8B00883CE8 /* Build configuration list for PBXProject "StoneChallenge" */;
			compatibilityVersion = "Xcode 12.0";
			developmentRegion = en;
			hasScannedForEncodings = 0;
			knownRegions = (
				en,
				Base,
			);
			mainGroup = C1D0692F2767DA8B00883CE8;
			productRefGroup = C1D069392767DA8B00883CE8 /* Products */;
			projectDirPath = "";
			projectRoot = "";
			targets = (
				C1D069372767DA8B00883CE8 /* StoneChallenge */,
			);
		};
/* End PBXProject section */

/* Begin PBXResourcesBuildPhase section */
		C1D069362767DA8B00883CE8 /* Resources */ = {
			isa = PBXResourcesBuildPhase;
			buildActionMask = 2147483647;
			files = (
				F4FC8FCC276EA9C9005D424D /* Creepster-Regular.ttf in Resources */,
				F4FC8FDD276ED2A2005D424D /* fonteApp.ttf in Resources */,
				C1D069482767DA8C00883CE8 /* LaunchScreen.storyboard in Resources */,
				C1D069452767DA8C00883CE8 /* Assets.xcassets in Resources */,
			);
			runOnlyForDeploymentPostprocessing = 0;
		};
/* End PBXResourcesBuildPhase section */

/* Begin PBXShellScriptBuildPhase section */
		932ED09E4598A2151EB1B1EF /* [CP] Embed Pods Frameworks */ = {
			isa = PBXShellScriptBuildPhase;
			buildActionMask = 2147483647;
			files = (
			);
			inputFileListPaths = (
				"${PODS_ROOT}/Target Support Files/Pods-StoneChallenge/Pods-StoneChallenge-frameworks-${CONFIGURATION}-input-files.xcfilelist",
			);
			name = "[CP] Embed Pods Frameworks";
			outputFileListPaths = (
				"${PODS_ROOT}/Target Support Files/Pods-StoneChallenge/Pods-StoneChallenge-frameworks-${CONFIGURATION}-output-files.xcfilelist",
			);
			runOnlyForDeploymentPostprocessing = 0;
			shellPath = /bin/sh;
			shellScript = "\"${PODS_ROOT}/Target Support Files/Pods-StoneChallenge/Pods-StoneChallenge-frameworks.sh\"\n";
			showEnvVarsInLog = 0;
		};
		A96D45583775CB5DB114A260 /* [CP] Check Pods Manifest.lock */ = {
			isa = PBXShellScriptBuildPhase;
			buildActionMask = 2147483647;
			files = (
			);
			inputFileListPaths = (
			);
			inputPaths = (
				"${PODS_PODFILE_DIR_PATH}/Podfile.lock",
				"${PODS_ROOT}/Manifest.lock",
			);
			name = "[CP] Check Pods Manifest.lock";
			outputFileListPaths = (
			);
			outputPaths = (
				"$(DERIVED_FILE_DIR)/Pods-StoneChallenge-checkManifestLockResult.txt",
			);
			runOnlyForDeploymentPostprocessing = 0;
			shellPath = /bin/sh;
			shellScript = "diff \"${PODS_PODFILE_DIR_PATH}/Podfile.lock\" \"${PODS_ROOT}/Manifest.lock\" > /dev/null\nif [ $? != 0 ] ; then\n    # print error to STDERR\n    echo \"error: The sandbox is not in sync with the Podfile.lock. Run 'pod install' or update your CocoaPods installation.\" >&2\n    exit 1\nfi\n# This output is used by Xcode 'outputs' to avoid re-running this script phase.\necho \"SUCCESS\" > \"${SCRIPT_OUTPUT_FILE_0}\"\n";
			showEnvVarsInLog = 0;
		};
/* End PBXShellScriptBuildPhase section */

/* Begin PBXSourcesBuildPhase section */
		C1D069342767DA8B00883CE8 /* Sources */ = {
			isa = PBXSourcesBuildPhase;
			buildActionMask = 2147483647;
			files = (
				F4FC8FD4276EB94A005D424D /* HomeView.swift in Sources */,
				F4FC8FDA276ECD52005D424D /* HomeViewModel.swift in Sources */,
				F4FC8FFC2770E47E005D424D /* DetailsCell.swift in Sources */,
				F4FC8FA5276CE304005D424D /* CharactersHomeCells.swift in Sources */,
				F4FC8FE82770A303005D424D /* NetworkManager.swift in Sources */,
				F4FC8FA9276D3619005D424D /* HomeModel.swift in Sources */,
				F4FC8FFB2770E47E005D424D /* DetailsView.swift in Sources */,
				C1D0693C2767DA8B00883CE8 /* AppDelegate.swift in Sources */,
				F4FC8F99276BC387005D424D /* ViewCode.swift in Sources */,
				C1D0693E2767DA8B00883CE8 /* SceneDelegate.swift in Sources */,
				F4FC8FFD2770E47E005D424D /* DetailsViewModel.swift in Sources */,
				F4FC8FD7276EC927005D424D /* GenericsViewController.swift in Sources */,
				C1D069552767DE6800883CE8 /* HomeViewController.swift in Sources */,
				F4FC8FFE2770E47E005D424D /* DetailsViewController.swift in Sources */,
			);
			runOnlyForDeploymentPostprocessing = 0;
		};
/* End PBXSourcesBuildPhase section */

/* Begin PBXVariantGroup section */
		C1D069462767DA8C00883CE8 /* LaunchScreen.storyboard */ = {
			isa = PBXVariantGroup;
			children = (
				C1D069472767DA8C00883CE8 /* Base */,
			);
			name = LaunchScreen.storyboard;
			sourceTree = "<group>";
		};
/* End PBXVariantGroup section */

/* Begin XCBuildConfiguration section */
		C1D0694A2767DA8C00883CE8 /* Debug */ = {
			isa = XCBuildConfiguration;
			buildSettings = {
				ALWAYS_SEARCH_USER_PATHS = NO;
				CLANG_ANALYZER_NONNULL = YES;
				CLANG_ANALYZER_NUMBER_OBJECT_CONVERSION = YES_AGGRESSIVE;
				CLANG_CXX_LANGUAGE_STANDARD = "gnu++17";
				CLANG_CXX_LIBRARY = "libc++";
				CLANG_ENABLE_MODULES = YES;
				CLANG_ENABLE_OBJC_ARC = YES;
				CLANG_ENABLE_OBJC_WEAK = YES;
				CLANG_WARN_BLOCK_CAPTURE_AUTORELEASING = YES;
				CLANG_WARN_BOOL_CONVERSION = YES;
				CLANG_WARN_COMMA = YES;
				CLANG_WARN_CONSTANT_CONVERSION = YES;
				CLANG_WARN_DEPRECATED_OBJC_IMPLEMENTATIONS = YES;
				CLANG_WARN_DIRECT_OBJC_ISA_USAGE = YES_ERROR;
				CLANG_WARN_DOCUMENTATION_COMMENTS = YES;
				CLANG_WARN_EMPTY_BODY = YES;
				CLANG_WARN_ENUM_CONVERSION = YES;
				CLANG_WARN_INFINITE_RECURSION = YES;
				CLANG_WARN_INT_CONVERSION = YES;
				CLANG_WARN_NON_LITERAL_NULL_CONVERSION = YES;
				CLANG_WARN_OBJC_IMPLICIT_RETAIN_SELF = YES;
				CLANG_WARN_OBJC_LITERAL_CONVERSION = YES;
				CLANG_WARN_OBJC_ROOT_CLASS = YES_ERROR;
				CLANG_WARN_QUOTED_INCLUDE_IN_FRAMEWORK_HEADER = YES;
				CLANG_WARN_RANGE_LOOP_ANALYSIS = YES;
				CLANG_WARN_STRICT_PROTOTYPES = YES;
				CLANG_WARN_SUSPICIOUS_MOVE = YES;
				CLANG_WARN_UNGUARDED_AVAILABILITY = YES_AGGRESSIVE;
				CLANG_WARN_UNREACHABLE_CODE = YES;
				CLANG_WARN__DUPLICATE_METHOD_MATCH = YES;
				COPY_PHASE_STRIP = NO;
				DEBUG_INFORMATION_FORMAT = dwarf;
				ENABLE_STRICT_OBJC_MSGSEND = YES;
				ENABLE_TESTABILITY = YES;
				GCC_C_LANGUAGE_STANDARD = gnu11;
				GCC_DYNAMIC_NO_PIC = NO;
				GCC_NO_COMMON_BLOCKS = YES;
				GCC_OPTIMIZATION_LEVEL = 0;
				GCC_PREPROCESSOR_DEFINITIONS = (
					"DEBUG=1",
					"$(inherited)",
				);
				GCC_WARN_64_TO_32_BIT_CONVERSION = YES;
				GCC_WARN_ABOUT_RETURN_TYPE = YES_ERROR;
				GCC_WARN_UNDECLARED_SELECTOR = YES;
				GCC_WARN_UNINITIALIZED_AUTOS = YES_AGGRESSIVE;
				GCC_WARN_UNUSED_FUNCTION = YES;
				GCC_WARN_UNUSED_VARIABLE = YES;
				IPHONEOS_DEPLOYMENT_TARGET = 13.0;
				MTL_ENABLE_DEBUG_INFO = INCLUDE_SOURCE;
				MTL_FAST_MATH = YES;
				ONLY_ACTIVE_ARCH = YES;
				SDKROOT = iphoneos;
				SWIFT_ACTIVE_COMPILATION_CONDITIONS = DEBUG;
				SWIFT_OPTIMIZATION_LEVEL = "-Onone";
			};
			name = Debug;
		};
		C1D0694B2767DA8C00883CE8 /* Release */ = {
			isa = XCBuildConfiguration;
			buildSettings = {
				ALWAYS_SEARCH_USER_PATHS = NO;
				CLANG_ANALYZER_NONNULL = YES;
				CLANG_ANALYZER_NUMBER_OBJECT_CONVERSION = YES_AGGRESSIVE;
				CLANG_CXX_LANGUAGE_STANDARD = "gnu++17";
				CLANG_CXX_LIBRARY = "libc++";
				CLANG_ENABLE_MODULES = YES;
				CLANG_ENABLE_OBJC_ARC = YES;
				CLANG_ENABLE_OBJC_WEAK = YES;
				CLANG_WARN_BLOCK_CAPTURE_AUTORELEASING = YES;
				CLANG_WARN_BOOL_CONVERSION = YES;
				CLANG_WARN_COMMA = YES;
				CLANG_WARN_CONSTANT_CONVERSION = YES;
				CLANG_WARN_DEPRECATED_OBJC_IMPLEMENTATIONS = YES;
				CLANG_WARN_DIRECT_OBJC_ISA_USAGE = YES_ERROR;
				CLANG_WARN_DOCUMENTATION_COMMENTS = YES;
				CLANG_WARN_EMPTY_BODY = YES;
				CLANG_WARN_ENUM_CONVERSION = YES;
				CLANG_WARN_INFINITE_RECURSION = YES;
				CLANG_WARN_INT_CONVERSION = YES;
				CLANG_WARN_NON_LITERAL_NULL_CONVERSION = YES;
				CLANG_WARN_OBJC_IMPLICIT_RETAIN_SELF = YES;
				CLANG_WARN_OBJC_LITERAL_CONVERSION = YES;
				CLANG_WARN_OBJC_ROOT_CLASS = YES_ERROR;
				CLANG_WARN_QUOTED_INCLUDE_IN_FRAMEWORK_HEADER = YES;
				CLANG_WARN_RANGE_LOOP_ANALYSIS = YES;
				CLANG_WARN_STRICT_PROTOTYPES = YES;
				CLANG_WARN_SUSPICIOUS_MOVE = YES;
				CLANG_WARN_UNGUARDED_AVAILABILITY = YES_AGGRESSIVE;
				CLANG_WARN_UNREACHABLE_CODE = YES;
				CLANG_WARN__DUPLICATE_METHOD_MATCH = YES;
				COPY_PHASE_STRIP = NO;
				DEBUG_INFORMATION_FORMAT = "dwarf-with-dsym";
				ENABLE_NS_ASSERTIONS = NO;
				ENABLE_STRICT_OBJC_MSGSEND = YES;
				GCC_C_LANGUAGE_STANDARD = gnu11;
				GCC_NO_COMMON_BLOCKS = YES;
				GCC_WARN_64_TO_32_BIT_CONVERSION = YES;
				GCC_WARN_ABOUT_RETURN_TYPE = YES_ERROR;
				GCC_WARN_UNDECLARED_SELECTOR = YES;
				GCC_WARN_UNINITIALIZED_AUTOS = YES_AGGRESSIVE;
				GCC_WARN_UNUSED_FUNCTION = YES;
				GCC_WARN_UNUSED_VARIABLE = YES;
				IPHONEOS_DEPLOYMENT_TARGET = 13.0;
				MTL_ENABLE_DEBUG_INFO = NO;
				MTL_FAST_MATH = YES;
				SDKROOT = iphoneos;
				SWIFT_COMPILATION_MODE = wholemodule;
				SWIFT_OPTIMIZATION_LEVEL = "-O";
				VALIDATE_PRODUCT = YES;
			};
			name = Release;
		};
		C1D0694D2767DA8C00883CE8 /* Debug */ = {
			isa = XCBuildConfiguration;
			baseConfigurationReference = 9F35DFF10D9A2990A678779C /* Pods-StoneChallenge.debug.xcconfig */;
			buildSettings = {
				ASSETCATALOG_COMPILER_APPICON_NAME = AppIcon;
				ASSETCATALOG_COMPILER_GLOBAL_ACCENT_COLOR_NAME = AccentColor;
				CODE_SIGN_STYLE = Automatic;
				CURRENT_PROJECT_VERSION = 1;
				DEVELOPMENT_TEAM = WD26YPBP7A;
				GENERATE_INFOPLIST_FILE = YES;
				INFOPLIST_FILE = StoneChallenge/Sources/Application/Info.plist;
				INFOPLIST_KEY_UIApplicationSupportsIndirectInputEvents = YES;
				INFOPLIST_KEY_UILaunchStoryboardName = LaunchScreen;
				INFOPLIST_KEY_UIMainStoryboardFile = LaunchScreen;
				INFOPLIST_KEY_UISupportedInterfaceOrientations = UIInterfaceOrientationPortrait;
				INFOPLIST_KEY_UISupportedInterfaceOrientations_iPad = "UIInterfaceOrientationPortrait UIInterfaceOrientationPortraitUpsideDown UIInterfaceOrientationLandscapeLeft UIInterfaceOrientationLandscapeRight";
				INFOPLIST_KEY_UISupportedInterfaceOrientations_iPhone = "UIInterfaceOrientationPortrait UIInterfaceOrientationLandscapeLeft UIInterfaceOrientationLandscapeRight";
				LD_RUNPATH_SEARCH_PATHS = (
					"$(inherited)",
					"@executable_path/Frameworks",
				);
				MARKETING_VERSION = 1.0;
				PRODUCT_BUNDLE_IDENTIFIER = co.stone.Challenge;
				PRODUCT_NAME = "$(TARGET_NAME)";
				SWIFT_EMIT_LOC_STRINGS = YES;
				SWIFT_VERSION = 5.0;
				TARGETED_DEVICE_FAMILY = "1,2";
			};
			name = Debug;
		};
		C1D0694E2767DA8C00883CE8 /* Release */ = {
			isa = XCBuildConfiguration;
			baseConfigurationReference = E958B6FAA51CDD4D71A99D57 /* Pods-StoneChallenge.release.xcconfig */;
			buildSettings = {
				ASSETCATALOG_COMPILER_APPICON_NAME = AppIcon;
				ASSETCATALOG_COMPILER_GLOBAL_ACCENT_COLOR_NAME = AccentColor;
				CODE_SIGN_STYLE = Automatic;
				CURRENT_PROJECT_VERSION = 1;
				DEVELOPMENT_TEAM = WD26YPBP7A;
				GENERATE_INFOPLIST_FILE = YES;
				INFOPLIST_FILE = StoneChallenge/Sources/Application/Info.plist;
				INFOPLIST_KEY_UIApplicationSupportsIndirectInputEvents = YES;
				INFOPLIST_KEY_UILaunchStoryboardName = LaunchScreen;
				INFOPLIST_KEY_UIMainStoryboardFile = LaunchScreen;
				INFOPLIST_KEY_UISupportedInterfaceOrientations = UIInterfaceOrientationPortrait;
				INFOPLIST_KEY_UISupportedInterfaceOrientations_iPad = "UIInterfaceOrientationPortrait UIInterfaceOrientationPortraitUpsideDown UIInterfaceOrientationLandscapeLeft UIInterfaceOrientationLandscapeRight";
				INFOPLIST_KEY_UISupportedInterfaceOrientations_iPhone = "UIInterfaceOrientationPortrait UIInterfaceOrientationLandscapeLeft UIInterfaceOrientationLandscapeRight";
				LD_RUNPATH_SEARCH_PATHS = (
					"$(inherited)",
					"@executable_path/Frameworks",
				);
				MARKETING_VERSION = 1.0;
				PRODUCT_BUNDLE_IDENTIFIER = co.stone.Challenge;
				PRODUCT_NAME = "$(TARGET_NAME)";
				SWIFT_EMIT_LOC_STRINGS = YES;
				SWIFT_VERSION = 5.0;
				TARGETED_DEVICE_FAMILY = "1,2";
			};
			name = Release;
		};
/* End XCBuildConfiguration section */

/* Begin XCConfigurationList section */
		C1D069332767DA8B00883CE8 /* Build configuration list for PBXProject "StoneChallenge" */ = {
			isa = XCConfigurationList;
			buildConfigurations = (
				C1D0694A2767DA8C00883CE8 /* Debug */,
				C1D0694B2767DA8C00883CE8 /* Release */,
			);
			defaultConfigurationIsVisible = 0;
			defaultConfigurationName = Release;
		};
		C1D0694C2767DA8C00883CE8 /* Build configuration list for PBXNativeTarget "StoneChallenge" */ = {
			isa = XCConfigurationList;
			buildConfigurations = (
				C1D0694D2767DA8C00883CE8 /* Debug */,
				C1D0694E2767DA8C00883CE8 /* Release */,
			);
			defaultConfigurationIsVisible = 0;
			defaultConfigurationName = Release;
		};
/* End XCConfigurationList section */
	};
	rootObject = C1D069302767DA8B00883CE8 /* Project object */;
}
